
Microsoft Visual Studio Solution File, Format Version 12.00
# Visual Studio Version 16
VisualStudioVersion = 16.0.30413.136
MinimumVisualStudioVersion = 10.0.40219.1
Project("{FAE04EC0-301F-11D3-BF4B-00C04F79EFBC}") = "BlazorFilmes.Server", "BlazorFilmes\Server\BlazorFilmes.Server.csproj", "{5742D42E-761E-41E1-9AE6-573C97D341F5}"
EndProject
Project("{FAE04EC0-301F-11D3-BF4B-00C04F79EFBC}") = "BlazorFilmes.Client", "BlazorFilmes\Client\BlazorFilmes.Client.csproj", "{409313DE-C86B-4892-97A1-165A9AAB4391}"
EndProject
Project("{FAE04EC0-301F-11D3-BF4B-00C04F79EFBC}") = "BlazorFilmes.Shared", "BlazorFilmes\Shared\BlazorFilmes.Shared.csproj", "{524686D2-8F23-4003-ADD9-98E48997D5FC}"
EndProject
Global
	GlobalSection(SolutionConfigurationPlatforms) = preSolution
		Debug|Any CPU = Debug|Any CPU
		Release|Any CPU = Release|Any CPU
	EndGlobalSection
	GlobalSection(ProjectConfigurationPlatforms) = postSolution
		{5742D42E-761E-41E1-9AE6-573C97D341F5}.Debug|Any CPU.ActiveCfg = Debug|Any CPU
		{5742D42E-761E-41E1-9AE6-573C97D341F5}.Debug|Any CPU.Build.0 = Debug|Any CPU
		{5742D42E-761E-41E1-9AE6-573C97D341F5}.Release|Any CPU.ActiveCfg = Release|Any CPU
		{5742D42E-761E-41E1-9AE6-573C97D341F5}.Release|Any CPU.Build.0 = Release|Any CPU
		{409313DE-C86B-4892-97A1-165A9AAB4391}.Debug|Any CPU.ActiveCfg = Debug|Any CPU
		{409313DE-C86B-4892-97A1-165A9AAB4391}.Debug|Any CPU.Build.0 = Debug|Any CPU
		{409313DE-C86B-4892-97A1-165A9AAB4391}.Release|Any CPU.ActiveCfg = Release|Any CPU
		{409313DE-C86B-4892-97A1-165A9AAB4391}.Release|Any CPU.Build.0 = Release|Any CPU
		{524686D2-8F23-4003-ADD9-98E48997D5FC}.Debug|Any CPU.ActiveCfg = Debug|Any CPU
		{524686D2-8F23-4003-ADD9-98E48997D5FC}.Debug|Any CPU.Build.0 = Debug|Any CPU
		{524686D2-8F23-4003-ADD9-98E48997D5FC}.Release|Any CPU.ActiveCfg = Release|Any CPU
		{524686D2-8F23-4003-ADD9-98E48997D5FC}.Release|Any CPU.Build.0 = Release|Any CPU
	EndGlobalSection
	GlobalSection(SolutionProperties) = preSolution
		HideSolutionNode = FALSE
	EndGlobalSection
	GlobalSection(ExtensibilityGlobals) = postSolution
		SolutionGuid = {5DC3E7DA-9308-42C1-94F3-6133A9ADC012}
	EndGlobalSection
EndGlobal
